
Microsoft Visual Studio Solution File, Format Version 12.00
# Visual Studio 15
VisualStudioVersion = 15.0.27703.2042
MinimumVisualStudioVersion = 10.0.40219.1
Project("{9A19103F-16F7-4668-BE54-9A1E7A4F7556}") = "Domain", "Domain\Domain.csproj", "{6CF102AA-B6E5-4BF0-B586-C1E60442C07E}"
EndProject
Project("{2150E333-8FDC-42A3-9474-1A3956D46DE8}") = "Build", "Build", "{F0C207BE-FD7E-4382-87D0-D9B3C16CC88F}"
	ProjectSection(SolutionItems) = preProject
		Directory.Build.props = Directory.Build.props
	EndProjectSection
EndProject
Project("{9A19103F-16F7-4668-BE54-9A1E7A4F7556}") = "Domain.Abstractions", "Domain.Abstractions\Domain.Abstractions.csproj", "{6EAA1373-008C-447B-8CA1-5B5AFAF4E86B}"
EndProject
Project("{9A19103F-16F7-4668-BE54-9A1E7A4F7556}") = "Excepting", "Excepting\Excepting.csproj", "{B1E022EC-4188-49CF-A6C6-2AFAD6AD1190}"
EndProject
Project("{9A19103F-16F7-4668-BE54-9A1E7A4F7556}") = "Excepting.Abstractions", "Excepting.Abstractions\Excepting.Abstractions.csproj", "{5A7B9832-1398-4510-861C-41C5E6E7F5A3}"
EndProject
Project("{9A19103F-16F7-4668-BE54-9A1E7A4F7556}") = "Data.EntityFrameworkCore", "Data.EntityFrameworkCore\Data.EntityFrameworkCore.csproj", "{C127DEDB-33E7-4728-B6A9-A447B36C6FA2}"
EndProject
Project("{2150E333-8FDC-42A3-9474-1A3956D46DE8}") = "Solution Items", "Solution Items", "{88285D45-6E3A-483B-8360-A1B8643D4455}"
	ProjectSection(SolutionItems) = preProject
		README.md = README.md
	EndProjectSection
EndProject
Project("{9A19103F-16F7-4668-BE54-9A1E7A4F7556}") = "Data.InMemory", "Data.InMemory\Data.InMemory.csproj", "{9BBE30CA-AA1E-4739-97D8-7A3B744DE020}"
EndProject
Project("{9A19103F-16F7-4668-BE54-9A1E7A4F7556}") = "Domain.Cqrs", "Domain.Cqrs\Domain.Cqrs.csproj", "{64A7A095-6693-4091-8AAB-D147C7FA56F8}"
EndProject
Project("{9A19103F-16F7-4668-BE54-9A1E7A4F7556}") = "Domain.Cqrs.Abstractions", "Domain.Cqrs.Abstractions\Domain.Cqrs.Abstractions.csproj", "{C9E5047D-3D8B-4182-AA4E-D8A2FDF5E181}"
EndProject
Project("{2150E333-8FDC-42A3-9474-1A3956D46DE8}") = "Samples", "Samples", "{D96A05E0-254F-442F-BB27-93AF6D2E6FC6}"
EndProject
Project("{9A19103F-16F7-4668-BE54-9A1E7A4F7556}") = "Blockchaining", "Blockchaining\Blockchaining.csproj", "{A583636E-9ECB-4B16-B065-E5036A69B2E6}"
EndProject
Project("{9A19103F-16F7-4668-BE54-9A1E7A4F7556}") = "BlockChainApp", "BlockChainApp\BlockChainApp.csproj", "{AF1CCF50-462A-46AD-996A-1160A9107465}"
EndProject
Project("{9A19103F-16F7-4668-BE54-9A1E7A4F7556}") = "OwnedCollections", "OwnedCollections\OwnedCollections.csproj", "{6BA45BB2-5693-42BD-897D-297BDDADD396}"
EndProject
Project("{FAE04EC0-301F-11D3-BF4B-00C04F79EFBC}") = "Instagram.Service", "Instagram.Service\Instagram.Service.csproj", "{3CB104CA-6B1D-4ACC-BD1C-29AC7F797824}"
EndProject
Global
	GlobalSection(SolutionConfigurationPlatforms) = preSolution
		Debug|Any CPU = Debug|Any CPU
		Release|Any CPU = Release|Any CPU
	EndGlobalSection
	GlobalSection(ProjectConfigurationPlatforms) = postSolution
		{6CF102AA-B6E5-4BF0-B586-C1E60442C07E}.Debug|Any CPU.ActiveCfg = Debug|Any CPU
		{6CF102AA-B6E5-4BF0-B586-C1E60442C07E}.Debug|Any CPU.Build.0 = Debug|Any CPU
		{6CF102AA-B6E5-4BF0-B586-C1E60442C07E}.Release|Any CPU.ActiveCfg = Release|Any CPU
		{6CF102AA-B6E5-4BF0-B586-C1E60442C07E}.Release|Any CPU.Build.0 = Release|Any CPU
		{6EAA1373-008C-447B-8CA1-5B5AFAF4E86B}.Debug|Any CPU.ActiveCfg = Debug|Any CPU
		{6EAA1373-008C-447B-8CA1-5B5AFAF4E86B}.Debug|Any CPU.Build.0 = Debug|Any CPU
		{6EAA1373-008C-447B-8CA1-5B5AFAF4E86B}.Release|Any CPU.ActiveCfg = Release|Any CPU
		{6EAA1373-008C-447B-8CA1-5B5AFAF4E86B}.Release|Any CPU.Build.0 = Release|Any CPU
		{B1E022EC-4188-49CF-A6C6-2AFAD6AD1190}.Debug|Any CPU.ActiveCfg = Debug|Any CPU
		{B1E022EC-4188-49CF-A6C6-2AFAD6AD1190}.Debug|Any CPU.Build.0 = Debug|Any CPU
		{B1E022EC-4188-49CF-A6C6-2AFAD6AD1190}.Release|Any CPU.ActiveCfg = Release|Any CPU
		{B1E022EC-4188-49CF-A6C6-2AFAD6AD1190}.Release|Any CPU.Build.0 = Release|Any CPU
		{5A7B9832-1398-4510-861C-41C5E6E7F5A3}.Debug|Any CPU.ActiveCfg = Debug|Any CPU
		{5A7B9832-1398-4510-861C-41C5E6E7F5A3}.Debug|Any CPU.Build.0 = Debug|Any CPU
		{5A7B9832-1398-4510-861C-41C5E6E7F5A3}.Release|Any CPU.ActiveCfg = Release|Any CPU
		{5A7B9832-1398-4510-861C-41C5E6E7F5A3}.Release|Any CPU.Build.0 = Release|Any CPU
		{C127DEDB-33E7-4728-B6A9-A447B36C6FA2}.Debug|Any CPU.ActiveCfg = Debug|Any CPU
		{C127DEDB-33E7-4728-B6A9-A447B36C6FA2}.Debug|Any CPU.Build.0 = Debug|Any CPU
		{C127DEDB-33E7-4728-B6A9-A447B36C6FA2}.Release|Any CPU.ActiveCfg = Release|Any CPU
		{C127DEDB-33E7-4728-B6A9-A447B36C6FA2}.Release|Any CPU.Build.0 = Release|Any CPU
		{9BBE30CA-AA1E-4739-97D8-7A3B744DE020}.Debug|Any CPU.ActiveCfg = Debug|Any CPU
		{9BBE30CA-AA1E-4739-97D8-7A3B744DE020}.Debug|Any CPU.Build.0 = Debug|Any CPU
		{9BBE30CA-AA1E-4739-97D8-7A3B744DE020}.Release|Any CPU.ActiveCfg = Release|Any CPU
		{9BBE30CA-AA1E-4739-97D8-7A3B744DE020}.Release|Any CPU.Build.0 = Release|Any CPU
		{64A7A095-6693-4091-8AAB-D147C7FA56F8}.Debug|Any CPU.ActiveCfg = Debug|Any CPU
		{64A7A095-6693-4091-8AAB-D147C7FA56F8}.Debug|Any CPU.Build.0 = Debug|Any CPU
		{64A7A095-6693-4091-8AAB-D147C7FA56F8}.Release|Any CPU.ActiveCfg = Release|Any CPU
		{64A7A095-6693-4091-8AAB-D147C7FA56F8}.Release|Any CPU.Build.0 = Release|Any CPU
		{C9E5047D-3D8B-4182-AA4E-D8A2FDF5E181}.Debug|Any CPU.ActiveCfg = Debug|Any CPU
		{C9E5047D-3D8B-4182-AA4E-D8A2FDF5E181}.Debug|Any CPU.Build.0 = Debug|Any CPU
		{C9E5047D-3D8B-4182-AA4E-D8A2FDF5E181}.Release|Any CPU.ActiveCfg = Release|Any CPU
		{C9E5047D-3D8B-4182-AA4E-D8A2FDF5E181}.Release|Any CPU.Build.0 = Release|Any CPU
		{A583636E-9ECB-4B16-B065-E5036A69B2E6}.Debug|Any CPU.ActiveCfg = Debug|Any CPU
		{A583636E-9ECB-4B16-B065-E5036A69B2E6}.Debug|Any CPU.Build.0 = Debug|Any CPU
		{A583636E-9ECB-4B16-B065-E5036A69B2E6}.Release|Any CPU.ActiveCfg = Release|Any CPU
		{A583636E-9ECB-4B16-B065-E5036A69B2E6}.Release|Any CPU.Build.0 = Release|Any CPU
		{AF1CCF50-462A-46AD-996A-1160A9107465}.Debug|Any CPU.ActiveCfg = Debug|Any CPU
		{AF1CCF50-462A-46AD-996A-1160A9107465}.Debug|Any CPU.Build.0 = Debug|Any CPU
		{AF1CCF50-462A-46AD-996A-1160A9107465}.Release|Any CPU.ActiveCfg = Release|Any CPU
		{AF1CCF50-462A-46AD-996A-1160A9107465}.Release|Any CPU.Build.0 = Release|Any CPU
		{6BA45BB2-5693-42BD-897D-297BDDADD396}.Debug|Any CPU.ActiveCfg = Debug|Any CPU
		{6BA45BB2-5693-42BD-897D-297BDDADD396}.Debug|Any CPU.Build.0 = Debug|Any CPU
		{6BA45BB2-5693-42BD-897D-297BDDADD396}.Release|Any CPU.ActiveCfg = Release|Any CPU
		{6BA45BB2-5693-42BD-897D-297BDDADD396}.Release|Any CPU.Build.0 = Release|Any CPU
		{3CB104CA-6B1D-4ACC-BD1C-29AC7F797824}.Debug|Any CPU.ActiveCfg = Debug|Any CPU
		{3CB104CA-6B1D-4ACC-BD1C-29AC7F797824}.Debug|Any CPU.Build.0 = Debug|Any CPU
		{3CB104CA-6B1D-4ACC-BD1C-29AC7F797824}.Release|Any CPU.ActiveCfg = Release|Any CPU
		{3CB104CA-6B1D-4ACC-BD1C-29AC7F797824}.Release|Any CPU.Build.0 = Release|Any CPU
	EndGlobalSection
	GlobalSection(SolutionProperties) = preSolution
		HideSolutionNode = FALSE
	EndGlobalSection
	GlobalSection(NestedProjects) = preSolution
		{AF1CCF50-462A-46AD-996A-1160A9107465} = {D96A05E0-254F-442F-BB27-93AF6D2E6FC6}
		{6BA45BB2-5693-42BD-897D-297BDDADD396} = {D96A05E0-254F-442F-BB27-93AF6D2E6FC6}
	EndGlobalSection
	GlobalSection(ExtensibilityGlobals) = postSolution
		SolutionGuid = {8748B962-28A2-4226-9752-1FCB5F4D2104}
	EndGlobalSection
EndGlobal
